// !$*UTF8*$!
{
	archiveVersion = 1;
	classes = {
	};
	objectVersion = 46;
	objects = {

/* Begin PBXBuildFile section */
		FEF15C0B1B658FD000427363 /* main.m in Sources */ = {isa = PBXBuildFile; fileRef = FEF15C0A1B658FD000427363 /* main.m */; };
		FEF15C0E1B658FD000427363 /* AppDelegate.m in Sources */ = {isa = PBXBuildFile; fileRef = FEF15C0D1B658FD000427363 /* AppDelegate.m */; };
		FEF15C111B658FD000427363 /* ViewController.m in Sources */ = {isa = PBXBuildFile; fileRef = FEF15C101B658FD000427363 /* ViewController.m */; };
		FEF15C141B658FD100427363 /* Main.storyboard in Resources */ = {isa = PBXBuildFile; fileRef = FEF15C121B658FD100427363 /* Main.storyboard */; };
		FEF15C161B658FD100427363 /* Images.xcassets in Resources */ = {isa = PBXBuildFile; fileRef = FEF15C151B658FD100427363 /* Images.xcassets */; };
		FEF15C191B658FD100427363 /* LaunchScreen.xib in Resources */ = {isa = PBXBuildFile; fileRef = FEF15C171B658FD100427363 /* LaunchScreen.xib */; };
		FEF15C251B658FD100427363 /* ObjectiveCExample01Tests.m in Sources */ = {isa = PBXBuildFile; fileRef = FEF15C241B658FD100427363 /* ObjectiveCExample01Tests.m */; };
		FEF15C341B65A80E00427363 /* IDEBusiness.m in Sources */ = {isa = PBXBuildFile; fileRef = FEF15C331B65A80E00427363 /* IDEBusiness.m */; };
/* End PBXBuildFile section */

/* Begin PBXContainerItemProxy section */
		FEF15C1F1B658FD100427363 /* PBXContainerItemProxy */ = {
			isa = PBXContainerItemProxy;
			containerPortal = FEF15BFD1B658FD000427363 /* Project object */;
			proxyType = 1;
			remoteGlobalIDString = FEF15C041B658FD000427363;
			remoteInfo = ObjectiveCExample01;
		};
/* End PBXContainerItemProxy section */

/* Begin PBXFileReference section */
		FEF15C051B658FD000427363 /* ObjectiveCExample01.app */ = {isa = PBXFileReference; explicitFileType = wrapper.application; includeInIndex = 0; path = ObjectiveCExample01.app; sourceTree = BUILT_PRODUCTS_DIR; };
		FEF15C091B658FD000427363 /* Info.plist */ = {isa = PBXFileReference; lastKnownFileType = text.plist.xml; path = Info.plist; sourceTree = "<group>"; };
		FEF15C0A1B658FD000427363 /* main.m */ = {isa = PBXFileReference; lastKnownFileType = sourcecode.c.objc; path = main.m; sourceTree = "<group>"; };
		FEF15C0C1B658FD000427363 /* AppDelegate.h */ = {isa = PBXFileReference; lastKnownFileType = sourcecode.c.h; path = AppDelegate.h; sourceTree = "<group>"; };
		FEF15C0D1B658FD000427363 /* AppDelegate.m */ = {isa = PBXFileReference; lastKnownFileType = sourcecode.c.objc; path = AppDelegate.m; sourceTree = "<group>"; };
		FEF15C0F1B658FD000427363 /* ViewController.h */ = {isa = PBXFileReference; lastKnownFileType = sourcecode.c.h; path = ViewController.h; sourceTree = "<group>"; };
		FEF15C101B658FD000427363 /* ViewController.m */ = {isa = PBXFileReference; lastKnownFileType = sourcecode.c.objc; path = ViewController.m; sourceTree = "<group>"; };
		FEF15C131B658FD100427363 /* Base */ = {isa = PBXFileReference; lastKnownFileType = file.storyboard; name = Base; path = Base.lproj/Main.storyboard; sourceTree = "<group>"; };
		FEF15C151B658FD100427363 /* Images.xcassets */ = {isa = PBXFileReference; lastKnownFileType = folder.assetcatalog; path = Images.xcassets; sourceTree = "<group>"; };
		FEF15C181B658FD100427363 /* Base */ = {isa = PBXFileReference; lastKnownFileType = file.xib; name = Base; path = Base.lproj/LaunchScreen.xib; sourceTree = "<group>"; };
		FEF15C1E1B658FD100427363 /* ObjectiveCExample01Tests.xctest */ = {isa = PBXFileReference; explicitFileType = wrapper.cfbundle; includeInIndex = 0; path = ObjectiveCExample01Tests.xctest; sourceTree = BUILT_PRODUCTS_DIR; };
		FEF15C231B658FD100427363 /* Info.plist */ = {isa = PBXFileReference; lastKnownFileType = text.plist.xml; path = Info.plist; sourceTree = "<group>"; };
		FEF15C241B658FD100427363 /* ObjectiveCExample01Tests.m */ = {isa = PBXFileReference; lastKnownFileType = sourcecode.c.objc; path = ObjectiveCExample01Tests.m; sourceTree = "<group>"; };
		FEF15C321B65A80E00427363 /* IDEBusiness.h */ = {isa = PBXFileReference; fileEncoding = 4; lastKnownFileType = sourcecode.c.h; path = IDEBusiness.h; sourceTree = "<group>"; };
		FEF15C331B65A80E00427363 /* IDEBusiness.m */ = {isa = PBXFileReference; fileEncoding = 4; lastKnownFileType = sourcecode.c.objc; path = IDEBusiness.m; sourceTree = "<group>"; };
/* End PBXFileReference section */

/* Begin PBXFrameworksBuildPhase section */
		FEF15C021B658FD000427363 /* Frameworks */ = {
			isa = PBXFrameworksBuildPhase;
			buildActionMask = 2147483647;
			files = (
			);
			runOnlyForDeploymentPostprocessing = 0;
		};
		FEF15C1B1B658FD100427363 /* Frameworks */ = {
			isa = PBXFrameworksBuildPhase;
			buildActionMask = 2147483647;
			files = (
			);
			runOnlyForDeploymentPostprocessing = 0;
		};
/* End PBXFrameworksBuildPhase section */

/* Begin PBXGroup section */
		FEF15BFC1B658FD000427363 = {
			isa = PBXGroup;
			children = (
				FEF15C071B658FD000427363 /* ObjectiveCExample01 */,
				FEF15C211B658FD100427363 /* ObjectiveCExample01Tests */,
				FEF15C061B658FD000427363 /* Products */,
			);
			sourceTree = "<group>";
		};
		FEF15C061B658FD000427363 /* Products */ = {
			isa = PBXGroup;
			children = (
				FEF15C051B658FD000427363 /* ObjectiveCExample01.app */,
				FEF15C1E1B658FD100427363 /* ObjectiveCExample01Tests.xctest */,
			);
			name = Products;
			sourceTree = "<group>";
		};
		FEF15C071B658FD000427363 /* ObjectiveCExample01 */ = {
			isa = PBXGroup;
			children = (
				FEF15C0C1B658FD000427363 /* AppDelegate.h */,
				FEF15C0D1B658FD000427363 /* AppDelegate.m */,
				FEF15C0F1B658FD000427363 /* ViewController.h */,
				FEF15C101B658FD000427363 /* ViewController.m */,
				FEF15C311B65A3D200427363 /* Models */,
				FEF15C121B658FD100427363 /* Main.storyboard */,
				FEF15C151B658FD100427363 /* Images.xcassets */,
				FEF15C171B658FD100427363 /* LaunchScreen.xib */,
				FEF15C081B658FD000427363 /* Supporting Files */,
			);
			path = ObjectiveCExample01;
			sourceTree = "<group>";
		};
		FEF15C081B658FD000427363 /* Supporting Files */ = {
			isa = PBXGroup;
			children = (
				FEF15C091B658FD000427363 /* Info.plist */,
				FEF15C0A1B658FD000427363 /* main.m */,
			);
			name = "Supporting Files";
			sourceTree = "<group>";
		};
		FEF15C211B658FD100427363 /* ObjectiveCExample01Tests */ = {
			isa = PBXGroup;
			children = (
				FEF15C241B658FD100427363 /* ObjectiveCExample01Tests.m */,
				FEF15C221B658FD100427363 /* Supporting Files */,
			);
			path = ObjectiveCExample01Tests;
			sourceTree = "<group>";
		};
		FEF15C221B658FD100427363 /* Supporting Files */ = {
			isa = PBXGroup;
			children = (
				FEF15C231B658FD100427363 /* Info.plist */,
			);
			name = "Supporting Files";
			sourceTree = "<group>";
		};
		FEF15C311B65A3D200427363 /* Models */ = {
			isa = PBXGroup;
			children = (
				FEF15C321B65A80E00427363 /* IDEBusiness.h */,
				FEF15C331B65A80E00427363 /* IDEBusiness.m */,
			);
			name = Models;
			sourceTree = "<group>";
		};
/* End PBXGroup section */

/* Begin PBXNativeTarget section */
		FEF15C041B658FD000427363 /* ObjectiveCExample01 */ = {
			isa = PBXNativeTarget;
			buildConfigurationList = FEF15C281B658FD100427363 /* Build configuration list for PBXNativeTarget "ObjectiveCExample01" */;
			buildPhases = (
				FEF15C011B658FD000427363 /* Sources */,
				FEF15C021B658FD000427363 /* Frameworks */,
				FEF15C031B658FD000427363 /* Resources */,
			);
			buildRules = (
			);
			dependencies = (
			);
			name = ObjectiveCExample01;
			productName = ObjectiveCExample01;
			productReference = FEF15C051B658FD000427363 /* ObjectiveCExample01.app */;
			productType = "com.apple.product-type.application";
		};
		FEF15C1D1B658FD100427363 /* ObjectiveCExample01Tests */ = {
			isa = PBXNativeTarget;
			buildConfigurationList = FEF15C2B1B658FD100427363 /* Build configuration list for PBXNativeTarget "ObjectiveCExample01Tests" */;
			buildPhases = (
				FEF15C1A1B658FD100427363 /* Sources */,
				FEF15C1B1B658FD100427363 /* Frameworks */,
				FEF15C1C1B658FD100427363 /* Resources */,
			);
			buildRules = (
			);
			dependencies = (
				FEF15C201B658FD100427363 /* PBXTargetDependency */,
			);
			name = ObjectiveCExample01Tests;
			productName = ObjectiveCExample01Tests;
			productReference = FEF15C1E1B658FD100427363 /* ObjectiveCExample01Tests.xctest */;
			productType = "com.apple.product-type.bundle.unit-test";
		};
/* End PBXNativeTarget section */

/* Begin PBXProject section */
		FEF15BFD1B658FD000427363 /* Project object */ = {
			isa = PBXProject;
			attributes = {
				LastUpgradeCheck = 0630;
				ORGANIZATIONNAME = IdeasLab;
				TargetAttributes = {
					FEF15C041B658FD000427363 = {
						CreatedOnToolsVersion = 6.3.1;
					};
					FEF15C1D1B658FD100427363 = {
						CreatedOnToolsVersion = 6.3.1;
						TestTargetID = FEF15C041B658FD000427363;
					};
				};
			};
			buildConfigurationList = FEF15C001B658FD000427363 /* Build configuration list for PBXProject "ObjectiveCExample01" */;
			compatibilityVersion = "Xcode 3.2";
			developmentRegion = English;
			hasScannedForEncodings = 0;
			knownRegions = (
				en,
				Base,
			);
			mainGroup = FEF15BFC1B658FD000427363;
			productRefGroup = FEF15C061B658FD000427363 /* Products */;
			projectDirPath = "";
			projectRoot = "";
			targets = (
				FEF15C041B658FD000427363 /* ObjectiveCExample01 */,
				FEF15C1D1B658FD100427363 /* ObjectiveCExample01Tests */,
			);
		};
/* End PBXProject section */

/* Begin PBXResourcesBuildPhase section */
		FEF15C031B658FD000427363 /* Resources */ = {
			isa = PBXResourcesBuildPhase;
			buildActionMask = 2147483647;
			files = (
				FEF15C141B658FD100427363 /* Main.storyboard in Resources */,
				FEF15C191B658FD100427363 /* LaunchScreen.xib in Resources */,
				FEF15C161B658FD100427363 /* Images.xcassets in Resources */,
			);
			runOnlyForDeploymentPostprocessing = 0;
		};
		FEF15C1C1B658FD100427363 /* Resources */ = {
			isa = PBXResourcesBuildPhase;
			buildActionMask = 2147483647;
			files = (
			);
			runOnlyForDeploymentPostprocessing = 0;
		};
/* End PBXResourcesBuildPhase section */

/* Begin PBXSourcesBuildPhase section */
		FEF15C011B658FD000427363 /* Sources */ = {
			isa = PBXSourcesBuildPhase;
			buildActionMask = 2147483647;
			files = (
				FEF15C341B65A80E00427363 /* IDEBusiness.m in Sources */,
				FEF15C111B658FD000427363 /* ViewController.m in Sources */,
				FEF15C0E1B658FD000427363 /* AppDelegate.m in Sources */,
				FEF15C0B1B658FD000427363 /* main.m in Sources */,
			);
			runOnlyForDeploymentPostprocessing = 0;
		};
		FEF15C1A1B658FD100427363 /* Sources */ = {
			isa = PBXSourcesBuildPhase;
			buildActionMask = 2147483647;
			files = (
				FEF15C251B658FD100427363 /* ObjectiveCExample01Tests.m in Sources */,
			);
			runOnlyForDeploymentPostprocessing = 0;
		};
/* End PBXSourcesBuildPhase section */

/* Begin PBXTargetDependency section */
		FEF15C201B658FD100427363 /* PBXTargetDependency */ = {
			isa = PBXTargetDependency;
			target = FEF15C041B658FD000427363 /* ObjectiveCExample01 */;
			targetProxy = FEF15C1F1B658FD100427363 /* PBXContainerItemProxy */;
		};
/* End PBXTargetDependency section */

/* Begin PBXVariantGroup section */
		FEF15C121B658FD100427363 /* Main.storyboard */ = {
			isa = PBXVariantGroup;
			children = (
				FEF15C131B658FD100427363 /* Base */,
			);
			name = Main.storyboard;
			sourceTree = "<group>";
		};
		FEF15C171B658FD100427363 /* LaunchScreen.xib */ = {
			isa = PBXVariantGroup;
			children = (
				FEF15C181B658FD100427363 /* Base */,
			);
			name = LaunchScreen.xib;
			sourceTree = "<group>";
		};
/* End PBXVariantGroup section */

/* Begin XCBuildConfiguration section */
		FEF15C261B658FD100427363 /* Debug */ = {
			isa = XCBuildConfiguration;
			buildSettings = {
				ALWAYS_SEARCH_USER_PATHS = NO;
				CLANG_CXX_LANGUAGE_STANDARD = "gnu++0x";
				CLANG_CXX_LIBRARY = "libc++";
				CLANG_ENABLE_MODULES = YES;
				CLANG_ENABLE_OBJC_ARC = YES;
				CLANG_WARN_BOOL_CONVERSION = YES;
				CLANG_WARN_CONSTANT_CONVERSION = YES;
				CLANG_WARN_DIRECT_OBJC_ISA_USAGE = YES_ERROR;
				CLANG_WARN_EMPTY_BODY = YES;
				CLANG_WARN_ENUM_CONVERSION = YES;
				CLANG_WARN_INT_CONVERSION = YES;
				CLANG_WARN_OBJC_ROOT_CLASS = YES_ERROR;
				CLANG_WARN_UNREACHABLE_CODE = YES;
				CLANG_WARN__DUPLICATE_METHOD_MATCH = YES;
				"CODE_SIGN_IDENTITY[sdk=iphoneos*]" = "iPhone Developer";
				COPY_PHASE_STRIP = NO;
				DEBUG_INFORMATION_FORMAT = "dwarf-with-dsym";
				ENABLE_STRICT_OBJC_MSGSEND = YES;
				GCC_C_LANGUAGE_STANDARD = gnu99;
				GCC_DYNAMIC_NO_PIC = NO;
				GCC_NO_COMMON_BLOCKS = YES;
				GCC_OPTIMIZATION_LEVEL = 0;
				GCC_PREPROCESSOR_DEFINITIONS = (
					"DEBUG=1",
					"$(inherited)",
				);
				GCC_SYMBOLS_PRIVATE_EXTERN = NO;
				GCC_WARN_64_TO_32_BIT_CONVERSION = YES;
				GCC_WARN_ABOUT_RETURN_TYPE = YES_ERROR;
				GCC_WARN_UNDECLARED_SELECTOR = YES;
				GCC_WARN_UNINITIALIZED_AUTOS = YES_AGGRESSIVE;
				GCC_WARN_UNUSED_FUNCTION = YES;
				GCC_WARN_UNUSED_VARIABLE = YES;
				IPHONEOS_DEPLOYMENT_TARGET = 8.3;
				MTL_ENABLE_DEBUG_INFO = YES;
				ONLY_ACTIVE_ARCH = YES;
				SDKROOT = iphoneos;
			};
			name = Debug;
		};
		FEF15C271B658FD100427363 /* Release */ = {
			isa = XCBuildConfiguration;
			buildSettings = {
				ALWAYS_SEARCH_USER_PATHS = NO;
				CLANG_CXX_LANGUAGE_STANDARD = "gnu++0x";
				CLANG_CXX_LIBRARY = "libc++";
				CLANG_ENABLE_MODULES = YES;
				CLANG_ENABLE_OBJC_ARC = YES;
				CLANG_WARN_BOOL_CONVERSION = YES;
				CLANG_WARN_CONSTANT_CONVERSION = YES;
				CLANG_WARN_DIRECT_OBJC_ISA_USAGE = YES_ERROR;
				CLANG_WARN_EMPTY_BODY = YES;
				CLANG_WARN_ENUM_CONVERSION = YES;
				CLANG_WARN_INT_CONVERSION = YES;
				CLANG_WARN_OBJC_ROOT_CLASS = YES_ERROR;
				CLANG_WARN_UNREACHABLE_CODE = YES;
				CLANG_WARN__DUPLICATE_METHOD_MATCH = YES;
				"CODE_SIGN_IDENTITY[sdk=iphoneos*]" = "iPhone Developer";
				COPY_PHASE_STRIP = NO;
				DEBUG_INFORMATION_FORMAT = "dwarf-with-dsym";
				ENABLE_NS_ASSERTIONS = NO;
				ENABLE_STRICT_OBJC_MSGSEND = YES;
				GCC_C_LANGUAGE_STANDARD = gnu99;
				GCC_NO_COMMON_BLOCKS = YES;
				GCC_WARN_64_TO_32_BIT_CONVERSION = YES;
				GCC_WARN_ABOUT_RETURN_TYPE = YES_ERROR;
				GCC_WARN_UNDECLARED_SELECTOR = YES;
				GCC_WARN_UNINITIALIZED_AUTOS = YES_AGGRESSIVE;
				GCC_WARN_UNUSED_FUNCTION = YES;
				GCC_WARN_UNUSED_VARIABLE = YES;
				IPHONEOS_DEPLOYMENT_TARGET = 8.3;
				MTL_ENABLE_DEBUG_INFO = NO;
				SDKROOT = iphoneos;
				VALIDATE_PRODUCT = YES;
			};
			name = Release;
		};
		FEF15C291B658FD100427363 /* Debug */ = {
			isa = XCBuildConfiguration;
			buildSettings = {
				ASSETCATALOG_COMPILER_APPICON_NAME = AppIcon;
				INFOPLIST_FILE = ObjectiveCExample01/Info.plist;
				LD_RUNPATH_SEARCH_PATHS = "$(inherited) @executable_path/Frameworks";
				PRODUCT_NAME = "$(TARGET_NAME)";
			};
			name = Debug;
		};
		FEF15C2A1B658FD100427363 /* Release */ = {
			isa = XCBuildConfiguration;
			buildSettings = {
				ASSETCATALOG_COMPILER_APPICON_NAME = AppIcon;
				INFOPLIST_FILE = ObjectiveCExample01/Info.plist;
				LD_RUNPATH_SEARCH_PATHS = "$(inherited) @executable_path/Frameworks";
				PRODUCT_NAME = "$(TARGET_NAME)";
			};
			name = Release;
		};
		FEF15C2C1B658FD100427363 /* Debug */ = {
			isa = XCBuildConfiguration;
			buildSettings = {
				BUNDLE_LOADER = "$(TEST_HOST)";
				FRAMEWORK_SEARCH_PATHS = (
					"$(SDKROOT)/Developer/Library/Frameworks",
					"$(inherited)",
				);
				GCC_PREPROCESSOR_DEFINITIONS = (
					"DEBUG=1",
					"$(inherited)",
				);
				INFOPLIST_FILE = ObjectiveCExample01Tests/Info.plist;
				LD_RUNPATH_SEARCH_PATHS = "$(inherited) @executable_path/Frameworks @loader_path/Frameworks";
				PRODUCT_NAME = "$(TARGET_NAME)";
				TEST_HOST = "$(BUILT_PRODUCTS_DIR)/ObjectiveCExample01.app/ObjectiveCExample01";
			};
			name = Debug;
		};
		FEF15C2D1B658FD100427363 /* Release */ = {
			isa = XCBuildConfiguration;
			buildSettings = {
				BUNDLE_LOADER = "$(TEST_HOST)";
				FRAMEWORK_SEARCH_PATHS = (
					"$(SDKROOT)/Developer/Library/Frameworks",
					"$(inherited)",
				);
				INFOPLIST_FILE = ObjectiveCExample01Tests/Info.plist;
				LD_RUNPATH_SEARCH_PATHS = "$(inherited) @executable_path/Frameworks @loader_path/Frameworks";
				PRODUCT_NAME = "$(TARGET_NAME)";
				TEST_HOST = "$(BUILT_PRODUCTS_DIR)/ObjectiveCExample01.app/ObjectiveCExample01";
			};
			name = Release;
		};
/* End XCBuildConfiguration section */

/* Begin XCConfigurationList section */
		FEF15C001B658FD000427363 /* Build configuration list for PBXProject "ObjectiveCExample01" */ = {
			isa = XCConfigurationList;
			buildConfigurations = (
				FEF15C261B658FD100427363 /* Debug */,
				FEF15C271B658FD100427363 /* Release */,
			);
			defaultConfigurationIsVisible = 0;
			defaultConfigurationName = Release;
		};
		FEF15C281B658FD100427363 /* Build configuration list for PBXNativeTarget "ObjectiveCExample01" */ = {
			isa = XCConfigurationList;
			buildConfigurations = (
				FEF15C291B658FD100427363 /* Debug */,
				FEF15C2A1B658FD100427363 /* Release */,
			);
			defaultConfigurationIsVisible = 0;
		};
		FEF15C2B1B658FD100427363 /* Build configuration list for PBXNativeTarget "ObjectiveCExample01Tests" */ = {
			isa = XCConfigurationList;
			buildConfigurations = (
				FEF15C2C1B658FD100427363 /* Debug */,
				FEF15C2D1B658FD100427363 /* Release */,
			);
			defaultConfigurationIsVisible = 0;
		};
/* End XCConfigurationList section */
	};
	rootObject = FEF15BFD1B658FD000427363 /* Project object */;
}
